{
  "version": "v1",
  "packages": {
    "@nessie/web-fundamentals": {
      "signature": "46b4d18993e488f7d7120aeb6cb7c495",
      "file": true,
      "replaced": "^1.6.0"
    },
    "@nessie/webcomponents": {
      "signature": "320365f65e70739473ba8f3d5210d73c",
      "file": true,
      "replaced": "^2.3.0"
    }
  }
}