{
  "version": "v1",
  "packages": {
    "@nessie/web-fundamentals": {
      "signature": "77bfa318ea968b112a77144c0d135640",
      "file": true,
      "replaced": "^1.6.0"
    },
    "@nessie/webcomponents": {
      "version": "2.3.0",
      "signature": "b578649f72c9ea28ba993d611ee68b09",
      "file": true,
      "replaced": "^2.3.0"
    }
  }
}